
Microsoft Visual Studio Solution File, Format Version 12.00
Project("{FAE04EC0-301F-11D3-BF4B-00C04F79EFBC}") = "ArchitectureConcepts", "ArchitectureConcepts\ArchitectureConcepts.csproj", "{BFC4DA64-5AE4-47C9-B62F-0535A24C3DEA}"
EndProject
Project("{2150E333-8FDC-42A3-9474-1A3956D46DE8}") = "Onion", "Onion", "{F7CAF2A1-2B4D-42E8-B764-CD4648DC9DCA}"
EndProject
Project("{2150E333-8FDC-42A3-9474-1A3956D46DE8}") = "Core", "Core", "{AFBD8C94-73A3-4A63-BF9B-796B26FA255A}"
EndProject
Project("{FAE04EC0-301F-11D3-BF4B-00C04F79EFBC}") = "Application", "Onion\Application\Application.csproj", "{482171CE-5E1B-426D-900A-4C251A1B1E42}"
EndProject
Project("{2150E333-8FDC-42A3-9474-1A3956D46DE8}") = "External", "External", "{A7B43445-039C-43B0-842D-2BA312712D9B}"
EndProject
Project("{FAE04EC0-301F-11D3-BF4B-00C04F79EFBC}") = "Persistence", "Onion\Persistence\Persistence.csproj", "{FAEDA99F-D7F4-462F-84CD-226EA4A278AB}"
EndProject
Project("{FAE04EC0-301F-11D3-BF4B-00C04F79EFBC}") = "API", "Onion\API\API.csproj", "{66FFC57B-6A7D-444C-B40B-A6398D38A2F4}"
EndProject
Project("{2150E333-8FDC-42A3-9474-1A3956D46DE8}") = "Clean", "Clean", "{A90F6870-C84E-4624-8EFE-2F1EFFE603E3}"
EndProject
Project("{2150E333-8FDC-42A3-9474-1A3956D46DE8}") = "Core", "Core", "{41DA7D7D-A7AD-4A50-B0A4-3CDA0EB29F09}"
EndProject
Project("{FAE04EC0-301F-11D3-BF4B-00C04F79EFBC}") = "Domain", "Onion\Domain\Domain.csproj", "{50D2895F-BFA1-42FB-B136-90A3D8EC5E04}"
EndProject
Global
	GlobalSection(SolutionConfigurationPlatforms) = preSolution
		Debug|Any CPU = Debug|Any CPU
		Release|Any CPU = Release|Any CPU
	EndGlobalSection
	GlobalSection(ProjectConfigurationPlatforms) = postSolution
		{BFC4DA64-5AE4-47C9-B62F-0535A24C3DEA}.Debug|Any CPU.ActiveCfg = Debug|Any CPU
		{BFC4DA64-5AE4-47C9-B62F-0535A24C3DEA}.Debug|Any CPU.Build.0 = Debug|Any CPU
		{BFC4DA64-5AE4-47C9-B62F-0535A24C3DEA}.Release|Any CPU.ActiveCfg = Release|Any CPU
		{BFC4DA64-5AE4-47C9-B62F-0535A24C3DEA}.Release|Any CPU.Build.0 = Release|Any CPU
		{482171CE-5E1B-426D-900A-4C251A1B1E42}.Debug|Any CPU.ActiveCfg = Debug|Any CPU
		{482171CE-5E1B-426D-900A-4C251A1B1E42}.Debug|Any CPU.Build.0 = Debug|Any CPU
		{482171CE-5E1B-426D-900A-4C251A1B1E42}.Release|Any CPU.ActiveCfg = Release|Any CPU
		{482171CE-5E1B-426D-900A-4C251A1B1E42}.Release|Any CPU.Build.0 = Release|Any CPU
		{FAEDA99F-D7F4-462F-84CD-226EA4A278AB}.Debug|Any CPU.ActiveCfg = Debug|Any CPU
		{FAEDA99F-D7F4-462F-84CD-226EA4A278AB}.Debug|Any CPU.Build.0 = Debug|Any CPU
		{FAEDA99F-D7F4-462F-84CD-226EA4A278AB}.Release|Any CPU.ActiveCfg = Release|Any CPU
		{FAEDA99F-D7F4-462F-84CD-226EA4A278AB}.Release|Any CPU.Build.0 = Release|Any CPU
		{66FFC57B-6A7D-444C-B40B-A6398D38A2F4}.Debug|Any CPU.ActiveCfg = Debug|Any CPU
		{66FFC57B-6A7D-444C-B40B-A6398D38A2F4}.Debug|Any CPU.Build.0 = Debug|Any CPU
		{66FFC57B-6A7D-444C-B40B-A6398D38A2F4}.Release|Any CPU.ActiveCfg = Release|Any CPU
		{66FFC57B-6A7D-444C-B40B-A6398D38A2F4}.Release|Any CPU.Build.0 = Release|Any CPU
		{50D2895F-BFA1-42FB-B136-90A3D8EC5E04}.Debug|Any CPU.ActiveCfg = Debug|Any CPU
		{50D2895F-BFA1-42FB-B136-90A3D8EC5E04}.Debug|Any CPU.Build.0 = Debug|Any CPU
		{50D2895F-BFA1-42FB-B136-90A3D8EC5E04}.Release|Any CPU.ActiveCfg = Release|Any CPU
		{50D2895F-BFA1-42FB-B136-90A3D8EC5E04}.Release|Any CPU.Build.0 = Release|Any CPU
	EndGlobalSection
	GlobalSection(NestedProjects) = preSolution
		{AFBD8C94-73A3-4A63-BF9B-796B26FA255A} = {F7CAF2A1-2B4D-42E8-B764-CD4648DC9DCA}
		{482171CE-5E1B-426D-900A-4C251A1B1E42} = {AFBD8C94-73A3-4A63-BF9B-796B26FA255A}
		{A7B43445-039C-43B0-842D-2BA312712D9B} = {F7CAF2A1-2B4D-42E8-B764-CD4648DC9DCA}
		{FAEDA99F-D7F4-462F-84CD-226EA4A278AB} = {A7B43445-039C-43B0-842D-2BA312712D9B}
		{66FFC57B-6A7D-444C-B40B-A6398D38A2F4} = {A7B43445-039C-43B0-842D-2BA312712D9B}
		{41DA7D7D-A7AD-4A50-B0A4-3CDA0EB29F09} = {A90F6870-C84E-4624-8EFE-2F1EFFE603E3}
		{50D2895F-BFA1-42FB-B136-90A3D8EC5E04} = {AFBD8C94-73A3-4A63-BF9B-796B26FA255A}
	EndGlobalSection
EndGlobal
